
Microsoft Visual Studio Solution File, Format Version 12.00
# Visual Studio Version 16
VisualStudioVersion = 16.0.31321.278
MinimumVisualStudioVersion = 10.0.40219.1
Project("{8BC9CEB8-8B4A-11D0-8D11-00A0C91BC942}") = "Qt_Audio_Rtmp_Class", "Qt_Audio_Rtmp_Class.vcxproj", "{A45DD8FA-40E6-465B-9FB3-480193BD601D}"
EndProject
Global
	GlobalSection(SolutionConfigurationPlatforms) = preSolution
		Debug|x64 = Debug|x64
		Release|x64 = Release|x64
	EndGlobalSection
	GlobalSection(ProjectConfigurationPlatforms) = postSolution
		{A45DD8FA-40E6-465B-9FB3-480193BD601D}.Debug|x64.ActiveCfg = Debug|x64
		{A45DD8FA-40E6-465B-9FB3-480193BD601D}.Debug|x64.Build.0 = Debug|x64
		{A45DD8FA-40E6-465B-9FB3-480193BD601D}.Release|x64.ActiveCfg = Release|x64
		{A45DD8FA-40E6-465B-9FB3-480193BD601D}.Release|x64.Build.0 = Release|x64
	EndGlobalSection
	GlobalSection(SolutionProperties) = preSolution
		HideSolutionNode = FALSE
	EndGlobalSection
	GlobalSection(ExtensibilityGlobals) = postSolution
		SolutionGuid = {0D66985D-894E-4AFA-9E11-8342408CA30A}
	EndGlobalSection
EndGlobal
